
Microsoft Visual Studio Solution File, Format Version 12.00
# Visual Studio Version 16
VisualStudioVersion = 16.0.29215.179
MinimumVisualStudioVersion = 10.0.40219.1
Project("{FAE04EC0-301F-11D3-BF4B-00C04F79EFBC}") = "MyCustomPicker.UWP", "MyCustomPicker\MyCustomPicker.UWP\MyCustomPicker.UWP.csproj", "{7076674B-B270-4875-9203-48FEE83418ED}"
EndProject
Project("{FAE04EC0-301F-11D3-BF4B-00C04F79EFBC}") = "MyCustomPicker.Android", "MyCustomPicker\MyCustomPicker.Android\MyCustomPicker.Android.csproj", "{5AB6FFA7-251F-47F5-B302-66EF4B7076BE}"
EndProject
Project("{FAE04EC0-301F-11D3-BF4B-00C04F79EFBC}") = "MyCustomPicker.iOS", "MyCustomPicker\MyCustomPicker.iOS\MyCustomPicker.iOS.csproj", "{762BE41F-5FEC-4879-B6FC-F5043C204A24}"
EndProject
Project("{FAE04EC0-301F-11D3-BF4B-00C04F79EFBC}") = "MyCustomPicker", "MyCustomPicker\MyCustomPicker\MyCustomPicker.csproj", "{3A1857A1-8B08-4FF7-8966-A371C84A1EDF}"
EndProject
Global
	GlobalSection(SolutionConfigurationPlatforms) = preSolution
		Debug|Any CPU = Debug|Any CPU
		Debug|ARM = Debug|ARM
		Debug|iPhone = Debug|iPhone
		Debug|iPhoneSimulator = Debug|iPhoneSimulator
		Debug|x64 = Debug|x64
		Debug|x86 = Debug|x86
		Release|Any CPU = Release|Any CPU
		Release|ARM = Release|ARM
		Release|iPhone = Release|iPhone
		Release|iPhoneSimulator = Release|iPhoneSimulator
		Release|x64 = Release|x64
		Release|x86 = Release|x86
	EndGlobalSection
	GlobalSection(ProjectConfigurationPlatforms) = postSolution
		{7076674B-B270-4875-9203-48FEE83418ED}.Debug|Any CPU.ActiveCfg = Debug|x86
		{7076674B-B270-4875-9203-48FEE83418ED}.Debug|Any CPU.Build.0 = Debug|x86
		{7076674B-B270-4875-9203-48FEE83418ED}.Debug|Any CPU.Deploy.0 = Debug|x86
		{7076674B-B270-4875-9203-48FEE83418ED}.Debug|ARM.ActiveCfg = Debug|ARM
		{7076674B-B270-4875-9203-48FEE83418ED}.Debug|ARM.Build.0 = Debug|ARM
		{7076674B-B270-4875-9203-48FEE83418ED}.Debug|ARM.Deploy.0 = Debug|ARM
		{7076674B-B270-4875-9203-48FEE83418ED}.Debug|iPhone.ActiveCfg = Debug|x86
		{7076674B-B270-4875-9203-48FEE83418ED}.Debug|iPhone.Build.0 = Debug|x86
		{7076674B-B270-4875-9203-48FEE83418ED}.Debug|iPhone.Deploy.0 = Debug|x86
		{7076674B-B270-4875-9203-48FEE83418ED}.Debug|iPhoneSimulator.ActiveCfg = Debug|x86
		{7076674B-B270-4875-9203-48FEE83418ED}.Debug|iPhoneSimulator.Build.0 = Debug|x86
		{7076674B-B270-4875-9203-48FEE83418ED}.Debug|iPhoneSimulator.Deploy.0 = Debug|x86
		{7076674B-B270-4875-9203-48FEE83418ED}.Debug|x64.ActiveCfg = Debug|x64
		{7076674B-B270-4875-9203-48FEE83418ED}.Debug|x64.Build.0 = Debug|x64
		{7076674B-B270-4875-9203-48FEE83418ED}.Debug|x64.Deploy.0 = Debug|x64
		{7076674B-B270-4875-9203-48FEE83418ED}.Debug|x86.ActiveCfg = Debug|x86
		{7076674B-B270-4875-9203-48FEE83418ED}.Debug|x86.Build.0 = Debug|x86
		{7076674B-B270-4875-9203-48FEE83418ED}.Debug|x86.Deploy.0 = Debug|x86
		{7076674B-B270-4875-9203-48FEE83418ED}.Release|Any CPU.ActiveCfg = Release|x86
		{7076674B-B270-4875-9203-48FEE83418ED}.Release|Any CPU.Build.0 = Release|x86
		{7076674B-B270-4875-9203-48FEE83418ED}.Release|Any CPU.Deploy.0 = Release|x86
		{7076674B-B270-4875-9203-48FEE83418ED}.Release|ARM.ActiveCfg = Release|ARM
		{7076674B-B270-4875-9203-48FEE83418ED}.Release|ARM.Build.0 = Release|ARM
		{7076674B-B270-4875-9203-48FEE83418ED}.Release|ARM.Deploy.0 = Release|ARM
		{7076674B-B270-4875-9203-48FEE83418ED}.Release|iPhone.ActiveCfg = Release|x86
		{7076674B-B270-4875-9203-48FEE83418ED}.Release|iPhone.Build.0 = Release|x86
		{7076674B-B270-4875-9203-48FEE83418ED}.Release|iPhone.Deploy.0 = Release|x86
		{7076674B-B270-4875-9203-48FEE83418ED}.Release|iPhoneSimulator.ActiveCfg = Release|x86
		{7076674B-B270-4875-9203-48FEE83418ED}.Release|iPhoneSimulator.Build.0 = Release|x86
		{7076674B-B270-4875-9203-48FEE83418ED}.Release|iPhoneSimulator.Deploy.0 = Release|x86
		{7076674B-B270-4875-9203-48FEE83418ED}.Release|x64.ActiveCfg = Release|x64
		{7076674B-B270-4875-9203-48FEE83418ED}.Release|x64.Build.0 = Release|x64
		{7076674B-B270-4875-9203-48FEE83418ED}.Release|x64.Deploy.0 = Release|x64
		{7076674B-B270-4875-9203-48FEE83418ED}.Release|x86.ActiveCfg = Release|x86
		{7076674B-B270-4875-9203-48FEE83418ED}.Release|x86.Build.0 = Release|x86
		{7076674B-B270-4875-9203-48FEE83418ED}.Release|x86.Deploy.0 = Release|x86
		{5AB6FFA7-251F-47F5-B302-66EF4B7076BE}.Debug|Any CPU.ActiveCfg = Debug|Any CPU
		{5AB6FFA7-251F-47F5-B302-66EF4B7076BE}.Debug|Any CPU.Build.0 = Debug|Any CPU
		{5AB6FFA7-251F-47F5-B302-66EF4B7076BE}.Debug|Any CPU.Deploy.0 = Debug|Any CPU
		{5AB6FFA7-251F-47F5-B302-66EF4B7076BE}.Debug|ARM.ActiveCfg = Debug|Any CPU
		{5AB6FFA7-251F-47F5-B302-66EF4B7076BE}.Debug|ARM.Build.0 = Debug|Any CPU
		{5AB6FFA7-251F-47F5-B302-66EF4B7076BE}.Debug|ARM.Deploy.0 = Debug|Any CPU
		{5AB6FFA7-251F-47F5-B302-66EF4B7076BE}.Debug|iPhone.ActiveCfg = Debug|Any CPU
		{5AB6FFA7-251F-47F5-B302-66EF4B7076BE}.Debug|iPhone.Build.0 = Debug|Any CPU
		{5AB6FFA7-251F-47F5-B302-66EF4B7076BE}.Debug|iPhone.Deploy.0 = Debug|Any CPU
		{5AB6FFA7-251F-47F5-B302-66EF4B7076BE}.Debug|iPhoneSimulator.ActiveCfg = Debug|Any CPU
		{5AB6FFA7-251F-47F5-B302-66EF4B7076BE}.Debug|iPhoneSimulator.Build.0 = Debug|Any CPU
		{5AB6FFA7-251F-47F5-B302-66EF4B7076BE}.Debug|iPhoneSimulator.Deploy.0 = Debug|Any CPU
		{5AB6FFA7-251F-47F5-B302-66EF4B7076BE}.Debug|x64.ActiveCfg = Debug|Any CPU
		{5AB6FFA7-251F-47F5-B302-66EF4B7076BE}.Debug|x64.Build.0 = Debug|Any CPU
		{5AB6FFA7-251F-47F5-B302-66EF4B7076BE}.Debug|x64.Deploy.0 = Debug|Any CPU
		{5AB6FFA7-251F-47F5-B302-66EF4B7076BE}.Debug|x86.ActiveCfg = Debug|Any CPU
		{5AB6FFA7-251F-47F5-B302-66EF4B7076BE}.Debug|x86.Build.0 = Debug|Any CPU
		{5AB6FFA7-251F-47F5-B302-66EF4B7076BE}.Debug|x86.Deploy.0 = Debug|Any CPU
		{5AB6FFA7-251F-47F5-B302-66EF4B7076BE}.Release|Any CPU.ActiveCfg = Release|Any CPU
		{5AB6FFA7-251F-47F5-B302-66EF4B7076BE}.Release|Any CPU.Build.0 = Release|Any CPU
		{5AB6FFA7-251F-47F5-B302-66EF4B7076BE}.Release|Any CPU.Deploy.0 = Release|Any CPU
		{5AB6FFA7-251F-47F5-B302-66EF4B7076BE}.Release|ARM.ActiveCfg = Release|Any CPU
		{5AB6FFA7-251F-47F5-B302-66EF4B7076BE}.Release|ARM.Build.0 = Release|Any CPU
		{5AB6FFA7-251F-47F5-B302-66EF4B7076BE}.Release|ARM.Deploy.0 = Release|Any CPU
		{5AB6FFA7-251F-47F5-B302-66EF4B7076BE}.Release|iPhone.ActiveCfg = Release|Any CPU
		{5AB6FFA7-251F-47F5-B302-66EF4B7076BE}.Release|iPhone.Build.0 = Release|Any CPU
		{5AB6FFA7-251F-47F5-B302-66EF4B7076BE}.Release|iPhone.Deploy.0 = Release|Any CPU
		{5AB6FFA7-251F-47F5-B302-66EF4B7076BE}.Release|iPhoneSimulator.ActiveCfg = Release|Any CPU
		{5AB6FFA7-251F-47F5-B302-66EF4B7076BE}.Release|iPhoneSimulator.Build.0 = Release|Any CPU
		{5AB6FFA7-251F-47F5-B302-66EF4B7076BE}.Release|iPhoneSimulator.Deploy.0 = Release|Any CPU
		{5AB6FFA7-251F-47F5-B302-66EF4B7076BE}.Release|x64.ActiveCfg = Release|Any CPU
		{5AB6FFA7-251F-47F5-B302-66EF4B7076BE}.Release|x64.Build.0 = Release|Any CPU
		{5AB6FFA7-251F-47F5-B302-66EF4B7076BE}.Release|x64.Deploy.0 = Release|Any CPU
		{5AB6FFA7-251F-47F5-B302-66EF4B7076BE}.Release|x86.ActiveCfg = Release|Any CPU
		{5AB6FFA7-251F-47F5-B302-66EF4B7076BE}.Release|x86.Build.0 = Release|Any CPU
		{5AB6FFA7-251F-47F5-B302-66EF4B7076BE}.Release|x86.Deploy.0 = Release|Any CPU
		{762BE41F-5FEC-4879-B6FC-F5043C204A24}.Debug|Any CPU.ActiveCfg = Debug|iPhone
		{762BE41F-5FEC-4879-B6FC-F5043C204A24}.Debug|Any CPU.Build.0 = Debug|iPhone
		{762BE41F-5FEC-4879-B6FC-F5043C204A24}.Debug|Any CPU.Deploy.0 = Debug|iPhone
		{762BE41F-5FEC-4879-B6FC-F5043C204A24}.Debug|ARM.ActiveCfg = Debug|iPhoneSimulator
		{762BE41F-5FEC-4879-B6FC-F5043C204A24}.Debug|ARM.Build.0 = Debug|iPhoneSimulator
		{762BE41F-5FEC-4879-B6FC-F5043C204A24}.Debug|ARM.Deploy.0 = Debug|iPhoneSimulator
		{762BE41F-5FEC-4879-B6FC-F5043C204A24}.Debug|iPhone.ActiveCfg = Debug|iPhone
		{762BE41F-5FEC-4879-B6FC-F5043C204A24}.Debug|iPhone.Build.0 = Debug|iPhone
		{762BE41F-5FEC-4879-B6FC-F5043C204A24}.Debug|iPhone.Deploy.0 = Debug|iPhone
		{762BE41F-5FEC-4879-B6FC-F5043C204A24}.Debug|iPhoneSimulator.ActiveCfg = Debug|iPhoneSimulator
		{762BE41F-5FEC-4879-B6FC-F5043C204A24}.Debug|iPhoneSimulator.Build.0 = Debug|iPhoneSimulator
		{762BE41F-5FEC-4879-B6FC-F5043C204A24}.Debug|iPhoneSimulator.Deploy.0 = Debug|iPhoneSimulator
		{762BE41F-5FEC-4879-B6FC-F5043C204A24}.Debug|x64.ActiveCfg = Debug|iPhone
		{762BE41F-5FEC-4879-B6FC-F5043C204A24}.Debug|x64.Build.0 = Debug|iPhone
		{762BE41F-5FEC-4879-B6FC-F5043C204A24}.Debug|x64.Deploy.0 = Debug|iPhone
		{762BE41F-5FEC-4879-B6FC-F5043C204A24}.Debug|x86.ActiveCfg = Debug|iPhone
		{762BE41F-5FEC-4879-B6FC-F5043C204A24}.Debug|x86.Build.0 = Debug|iPhone
		{762BE41F-5FEC-4879-B6FC-F5043C204A24}.Debug|x86.Deploy.0 = Debug|iPhone
		{762BE41F-5FEC-4879-B6FC-F5043C204A24}.Release|Any CPU.ActiveCfg = Release|iPhone
		{762BE41F-5FEC-4879-B6FC-F5043C204A24}.Release|Any CPU.Build.0 = Release|iPhone
		{762BE41F-5FEC-4879-B6FC-F5043C204A24}.Release|Any CPU.Deploy.0 = Release|iPhone
		{762BE41F-5FEC-4879-B6FC-F5043C204A24}.Release|ARM.ActiveCfg = Release|iPhone
		{762BE41F-5FEC-4879-B6FC-F5043C204A24}.Release|ARM.Build.0 = Release|iPhone
		{762BE41F-5FEC-4879-B6FC-F5043C204A24}.Release|ARM.Deploy.0 = Release|iPhone
		{762BE41F-5FEC-4879-B6FC-F5043C204A24}.Release|iPhone.ActiveCfg = Release|iPhone
		{762BE41F-5FEC-4879-B6FC-F5043C204A24}.Release|iPhone.Build.0 = Release|iPhone
		{762BE41F-5FEC-4879-B6FC-F5043C204A24}.Release|iPhone.Deploy.0 = Release|iPhone
		{762BE41F-5FEC-4879-B6FC-F5043C204A24}.Release|iPhoneSimulator.ActiveCfg = Release|iPhoneSimulator
		{762BE41F-5FEC-4879-B6FC-F5043C204A24}.Release|iPhoneSimulator.Build.0 = Release|iPhoneSimulator
		{762BE41F-5FEC-4879-B6FC-F5043C204A24}.Release|iPhoneSimulator.Deploy.0 = Release|iPhoneSimulator
		{762BE41F-5FEC-4879-B6FC-F5043C204A24}.Release|x64.ActiveCfg = Release|iPhone
		{762BE41F-5FEC-4879-B6FC-F5043C204A24}.Release|x64.Build.0 = Release|iPhone
		{762BE41F-5FEC-4879-B6FC-F5043C204A24}.Release|x64.Deploy.0 = Release|iPhone
		{762BE41F-5FEC-4879-B6FC-F5043C204A24}.Release|x86.ActiveCfg = Release|iPhone
		{762BE41F-5FEC-4879-B6FC-F5043C204A24}.Release|x86.Build.0 = Release|iPhone
		{762BE41F-5FEC-4879-B6FC-F5043C204A24}.Release|x86.Deploy.0 = Release|iPhone
		{3A1857A1-8B08-4FF7-8966-A371C84A1EDF}.Debug|Any CPU.ActiveCfg = Debug|Any CPU
		{3A1857A1-8B08-4FF7-8966-A371C84A1EDF}.Debug|Any CPU.Build.0 = Debug|Any CPU
		{3A1857A1-8B08-4FF7-8966-A371C84A1EDF}.Debug|Any CPU.Deploy.0 = Debug|Any CPU
		{3A1857A1-8B08-4FF7-8966-A371C84A1EDF}.Debug|ARM.ActiveCfg = Debug|Any CPU
		{3A1857A1-8B08-4FF7-8966-A371C84A1EDF}.Debug|ARM.Build.0 = Debug|Any CPU
		{3A1857A1-8B08-4FF7-8966-A371C84A1EDF}.Debug|ARM.Deploy.0 = Debug|Any CPU
		{3A1857A1-8B08-4FF7-8966-A371C84A1EDF}.Debug|iPhone.ActiveCfg = Debug|Any CPU
		{3A1857A1-8B08-4FF7-8966-A371C84A1EDF}.Debug|iPhone.Build.0 = Debug|Any CPU
		{3A1857A1-8B08-4FF7-8966-A371C84A1EDF}.Debug|iPhone.Deploy.0 = Debug|Any CPU
		{3A1857A1-8B08-4FF7-8966-A371C84A1EDF}.Debug|iPhoneSimulator.ActiveCfg = Debug|Any CPU
		{3A1857A1-8B08-4FF7-8966-A371C84A1EDF}.Debug|iPhoneSimulator.Build.0 = Debug|Any CPU
		{3A1857A1-8B08-4FF7-8966-A371C84A1EDF}.Debug|iPhoneSimulator.Deploy.0 = Debug|Any CPU
		{3A1857A1-8B08-4FF7-8966-A371C84A1EDF}.Debug|x64.ActiveCfg = Debug|Any CPU
		{3A1857A1-8B08-4FF7-8966-A371C84A1EDF}.Debug|x64.Build.0 = Debug|Any CPU
		{3A1857A1-8B08-4FF7-8966-A371C84A1EDF}.Debug|x64.Deploy.0 = Debug|Any CPU
		{3A1857A1-8B08-4FF7-8966-A371C84A1EDF}.Debug|x86.ActiveCfg = Debug|Any CPU
		{3A1857A1-8B08-4FF7-8966-A371C84A1EDF}.Debug|x86.Build.0 = Debug|Any CPU
		{3A1857A1-8B08-4FF7-8966-A371C84A1EDF}.Debug|x86.Deploy.0 = Debug|Any CPU
		{3A1857A1-8B08-4FF7-8966-A371C84A1EDF}.Release|Any CPU.ActiveCfg = Release|Any CPU
		{3A1857A1-8B08-4FF7-8966-A371C84A1EDF}.Release|Any CPU.Build.0 = Release|Any CPU
		{3A1857A1-8B08-4FF7-8966-A371C84A1EDF}.Release|Any CPU.Deploy.0 = Release|Any CPU
		{3A1857A1-8B08-4FF7-8966-A371C84A1EDF}.Release|ARM.ActiveCfg = Release|Any CPU
		{3A1857A1-8B08-4FF7-8966-A371C84A1EDF}.Release|ARM.Build.0 = Release|Any CPU
		{3A1857A1-8B08-4FF7-8966-A371C84A1EDF}.Release|ARM.Deploy.0 = Release|Any CPU
		{3A1857A1-8B08-4FF7-8966-A371C84A1EDF}.Release|iPhone.ActiveCfg = Release|Any CPU
		{3A1857A1-8B08-4FF7-8966-A371C84A1EDF}.Release|iPhone.Build.0 = Release|Any CPU
		{3A1857A1-8B08-4FF7-8966-A371C84A1EDF}.Release|iPhone.Deploy.0 = Release|Any CPU
		{3A1857A1-8B08-4FF7-8966-A371C84A1EDF}.Release|iPhoneSimulator.ActiveCfg = Release|Any CPU
		{3A1857A1-8B08-4FF7-8966-A371C84A1EDF}.Release|iPhoneSimulator.Build.0 = Release|Any CPU
		{3A1857A1-8B08-4FF7-8966-A371C84A1EDF}.Release|iPhoneSimulator.Deploy.0 = Release|Any CPU
		{3A1857A1-8B08-4FF7-8966-A371C84A1EDF}.Release|x64.ActiveCfg = Release|Any CPU
		{3A1857A1-8B08-4FF7-8966-A371C84A1EDF}.Release|x64.Build.0 = Release|Any CPU
		{3A1857A1-8B08-4FF7-8966-A371C84A1EDF}.Release|x64.Deploy.0 = Release|Any CPU
		{3A1857A1-8B08-4FF7-8966-A371C84A1EDF}.Release|x86.ActiveCfg = Release|Any CPU
		{3A1857A1-8B08-4FF7-8966-A371C84A1EDF}.Release|x86.Build.0 = Release|Any CPU
		{3A1857A1-8B08-4FF7-8966-A371C84A1EDF}.Release|x86.Deploy.0 = Release|Any CPU
	EndGlobalSection
	GlobalSection(SolutionProperties) = preSolution
		HideSolutionNode = FALSE
	EndGlobalSection
	GlobalSection(ExtensibilityGlobals) = postSolution
		SolutionGuid = {35DC8BDA-1A8C-475A-9EB9-1A4FF1107985}
	EndGlobalSection
EndGlobal
